
Microsoft Visual Studio Solution File, Format Version 12.00
# Visual Studio 15
VisualStudioVersion = 15.0.27004.2009
MinimumVisualStudioVersion = 10.0.40219.1
Project("{8BC9CEB8-8B4A-11D0-8D11-00A0C91BC942}") = "operantLearningExp", "operantLearningExp\operantLearningExp.vcxproj", "{4CC6EA46-DE5F-4E0B-BF5A-3CEBEDF033DB}"
EndProject
Global
	GlobalSection(SolutionConfigurationPlatforms) = preSolution
		Debug|x64 = Debug|x64
		Debug|x86 = Debug|x86
		Release|x64 = Release|x64
		Release|x86 = Release|x86
	EndGlobalSection
	GlobalSection(ProjectConfigurationPlatforms) = postSolution
		{4CC6EA46-DE5F-4E0B-BF5A-3CEBEDF033DB}.Debug|x64.ActiveCfg = Debug|x64
		{4CC6EA46-DE5F-4E0B-BF5A-3CEBEDF033DB}.Debug|x64.Build.0 = Debug|x64
		{4CC6EA46-DE5F-4E0B-BF5A-3CEBEDF033DB}.Debug|x86.ActiveCfg = Debug|Win32
		{4CC6EA46-DE5F-4E0B-BF5A-3CEBEDF033DB}.Debug|x86.Build.0 = Debug|Win32
		{4CC6EA46-DE5F-4E0B-BF5A-3CEBEDF033DB}.Release|x64.ActiveCfg = Release|x64
		{4CC6EA46-DE5F-4E0B-BF5A-3CEBEDF033DB}.Release|x64.Build.0 = Release|x64
		{4CC6EA46-DE5F-4E0B-BF5A-3CEBEDF033DB}.Release|x86.ActiveCfg = Release|Win32
		{4CC6EA46-DE5F-4E0B-BF5A-3CEBEDF033DB}.Release|x86.Build.0 = Release|Win32
	EndGlobalSection
	GlobalSection(SolutionProperties) = preSolution
		HideSolutionNode = FALSE
	EndGlobalSection
	GlobalSection(ExtensibilityGlobals) = postSolution
		SolutionGuid = {8DA91BBF-ED44-4F83-A76B-90AAF56CC56B}
	EndGlobalSection
EndGlobal
